
Microsoft Visual Studio Solution File, Format Version 12.00
# Visual Studio Version 17
VisualStudioVersion = 17.8.34408.163
MinimumVisualStudioVersion = 10.0.40219.1
Project("{FAE04EC0-301F-11D3-BF4B-00C04F79EFBC}") = "BooksApp", "BooksApp\BooksApp.csproj", "{A2C4CAA4-4BF5-473D-B1B2-211A5527A7BA}"
EndProject
Global
	GlobalSection(SolutionConfigurationPlatforms) = preSolution
		Debug|Any CPU = Debug|Any CPU
		Release|Any CPU = Release|Any CPU
	EndGlobalSection
	GlobalSection(ProjectConfigurationPlatforms) = postSolution
		{A2C4CAA4-4BF5-473D-B1B2-211A5527A7BA}.Debug|Any CPU.ActiveCfg = Debug|Any CPU
		{A2C4CAA4-4BF5-473D-B1B2-211A5527A7BA}.Debug|Any CPU.Build.0 = Debug|Any CPU
		{A2C4CAA4-4BF5-473D-B1B2-211A5527A7BA}.Release|Any CPU.ActiveCfg = Release|Any CPU
		{A2C4CAA4-4BF5-473D-B1B2-211A5527A7BA}.Release|Any CPU.Build.0 = Release|Any CPU
	EndGlobalSection
	GlobalSection(SolutionProperties) = preSolution
		HideSolutionNode = FALSE
	EndGlobalSection
	GlobalSection(ExtensibilityGlobals) = postSolution
		SolutionGuid = {A9BCA14D-3E38-4C9F-890C-43DC1B8EA420}
	EndGlobalSection
EndGlobal
