
Microsoft Visual Studio Solution File, Format Version 12.00
# Visual Studio Version 17
VisualStudioVersion = 17.13.35931.197 d17.13
MinimumVisualStudioVersion = 10.0.40219.1
Project("{FAE04EC0-301F-11D3-BF4B-00C04F79EFBC}") = "Exam4", "Exam4\Exam4.csproj", "{828E3FB9-234F-4CF2-AEEE-F568F8032BFC}"
EndProject
Global
	GlobalSection(SolutionConfigurationPlatforms) = preSolution
		Debug|Any CPU = Debug|Any CPU
		Release|Any CPU = Release|Any CPU
	EndGlobalSection
	GlobalSection(ProjectConfigurationPlatforms) = postSolution
		{828E3FB9-234F-4CF2-AEEE-F568F8032BFC}.Debug|Any CPU.ActiveCfg = Debug|Any CPU
		{828E3FB9-234F-4CF2-AEEE-F568F8032BFC}.Debug|Any CPU.Build.0 = Debug|Any CPU
		{828E3FB9-234F-4CF2-AEEE-F568F8032BFC}.Release|Any CPU.ActiveCfg = Release|Any CPU
		{828E3FB9-234F-4CF2-AEEE-F568F8032BFC}.Release|Any CPU.Build.0 = Release|Any CPU
	EndGlobalSection
	GlobalSection(SolutionProperties) = preSolution
		HideSolutionNode = FALSE
	EndGlobalSection
	GlobalSection(ExtensibilityGlobals) = postSolution
		SolutionGuid = {B5D5E5E9-74EA-48A7-AC48-0B1381E66F4F}
	EndGlobalSection
EndGlobal
